// !$*UTF8*$!
{
	archiveVersion = 1;
	classes = {
	};
	objectVersion = 46;
	objects = {

/* Begin PBXBuildFile section */
		2213CB4A1D41BA2600676329 /* AppDelegate.swift in Sources */ = {isa = PBXBuildFile; fileRef = 2213CB491D41BA2600676329 /* AppDelegate.swift */; };
		2213CB4C1D41BA2600676329 /* ViewController.swift in Sources */ = {isa = PBXBuildFile; fileRef = 2213CB4B1D41BA2600676329 /* ViewController.swift */; };
		2213CB4F1D41BA2600676329 /* Main.storyboard in Resources */ = {isa = PBXBuildFile; fileRef = 2213CB4D1D41BA2600676329 /* Main.storyboard */; };
		2213CB511D41BA2600676329 /* Assets.xcassets in Resources */ = {isa = PBXBuildFile; fileRef = 2213CB501D41BA2600676329 /* Assets.xcassets */; };
		2213CB541D41BA2600676329 /* LaunchScreen.storyboard in Resources */ = {isa = PBXBuildFile; fileRef = 2213CB521D41BA2600676329 /* LaunchScreen.storyboard */; };
		2213CB5C1D41BC2E00676329 /* ContactListDetailed.swift in Sources */ = {isa = PBXBuildFile; fileRef = 2213CB5B1D41BC2E00676329 /* ContactListDetailed.swift */; };
		2219F15A1D43DD050001CAB4 /* ContactNameLabel.swift in Sources */ = {isa = PBXBuildFile; fileRef = 2219F1591D43DD050001CAB4 /* ContactNameLabel.swift */; };
		2219F15C1D43E17F0001CAB4 /* ViewControllerForContactDetail.swift in Sources */ = {isa = PBXBuildFile; fileRef = 2219F15B1D43E17F0001CAB4 /* ViewControllerForContactDetail.swift */; };
/* End PBXBuildFile section */

/* Begin PBXFileReference section */
		2213CB461D41BA2600676329 /* contactsHW.app */ = {isa = PBXFileReference; explicitFileType = wrapper.application; includeInIndex = 0; path = contactsHW.app; sourceTree = BUILT_PRODUCTS_DIR; };
		2213CB491D41BA2600676329 /* AppDelegate.swift */ = {isa = PBXFileReference; lastKnownFileType = sourcecode.swift; path = AppDelegate.swift; sourceTree = "<group>"; };
		2213CB4B1D41BA2600676329 /* ViewController.swift */ = {isa = PBXFileReference; lastKnownFileType = sourcecode.swift; path = ViewController.swift; sourceTree = "<group>"; };
		2213CB4E1D41BA2600676329 /* Base */ = {isa = PBXFileReference; lastKnownFileType = file.storyboard; name = Base; path = Base.lproj/Main.storyboard; sourceTree = "<group>"; };
		2213CB501D41BA2600676329 /* Assets.xcassets */ = {isa = PBXFileReference; lastKnownFileType = folder.assetcatalog; path = Assets.xcassets; sourceTree = "<group>"; };
		2213CB531D41BA2600676329 /* Base */ = {isa = PBXFileReference; lastKnownFileType = file.storyboard; name = Base; path = Base.lproj/LaunchScreen.storyboard; sourceTree = "<group>"; };
		2213CB551D41BA2600676329 /* Info.plist */ = {isa = PBXFileReference; lastKnownFileType = text.plist.xml; path = Info.plist; sourceTree = "<group>"; };
		2213CB5B1D41BC2E00676329 /* ContactListDetailed.swift */ = {isa = PBXFileReference; fileEncoding = 4; lastKnownFileType = sourcecode.swift; path = ContactListDetailed.swift; sourceTree = "<group>"; };
		2219F1591D43DD050001CAB4 /* ContactNameLabel.swift */ = {isa = PBXFileReference; fileEncoding = 4; lastKnownFileType = sourcecode.swift; path = ContactNameLabel.swift; sourceTree = "<group>"; };
		2219F15B1D43E17F0001CAB4 /* ViewControllerForContactDetail.swift */ = {isa = PBXFileReference; fileEncoding = 4; lastKnownFileType = sourcecode.swift; path = ViewControllerForContactDetail.swift; sourceTree = "<group>"; };
/* End PBXFileReference section */

/* Begin PBXFrameworksBuildPhase section */
		2213CB431D41BA2600676329 /* Frameworks */ = {
			isa = PBXFrameworksBuildPhase;
			buildActionMask = 2147483647;
			files = (
			);
			runOnlyForDeploymentPostprocessing = 0;
		};
/* End PBXFrameworksBuildPhase section */

/* Begin PBXGroup section */
		2213CB3D1D41BA2600676329 = {
			isa = PBXGroup;
			children = (
				2213CB481D41BA2600676329 /* contactsHW */,
				2213CB471D41BA2600676329 /* Products */,
			);
			sourceTree = "<group>";
		};
		2213CB471D41BA2600676329 /* Products */ = {
			isa = PBXGroup;
			children = (
				2213CB461D41BA2600676329 /* contactsHW.app */,
			);
			name = Products;
			sourceTree = "<group>";
		};
		2213CB481D41BA2600676329 /* contactsHW */ = {
			isa = PBXGroup;
			children = (
				2213CB491D41BA2600676329 /* AppDelegate.swift */,
				2213CB4B1D41BA2600676329 /* ViewController.swift */,
				2219F15B1D43E17F0001CAB4 /* ViewControllerForContactDetail.swift */,
				2213CB4D1D41BA2600676329 /* Main.storyboard */,
				2213CB501D41BA2600676329 /* Assets.xcassets */,
				2213CB521D41BA2600676329 /* LaunchScreen.storyboard */,
				2213CB551D41BA2600676329 /* Info.plist */,
				2213CB5B1D41BC2E00676329 /* ContactListDetailed.swift */,
				2219F1591D43DD050001CAB4 /* ContactNameLabel.swift */,
			);
			path = contactsHW;
			sourceTree = "<group>";
		};
/* End PBXGroup section */

/* Begin PBXNativeTarget section */
		2213CB451D41BA2600676329 /* contactsHW */ = {
			isa = PBXNativeTarget;
			buildConfigurationList = 2213CB581D41BA2600676329 /* Build configuration list for PBXNativeTarget "contactsHW" */;
			buildPhases = (
				2213CB421D41BA2600676329 /* Sources */,
				2213CB431D41BA2600676329 /* Frameworks */,
				2213CB441D41BA2600676329 /* Resources */,
			);
			buildRules = (
			);
			dependencies = (
			);
			name = contactsHW;
			productName = contactsHW;
			productReference = 2213CB461D41BA2600676329 /* contactsHW.app */;
			productType = "com.apple.product-type.application";
		};
/* End PBXNativeTarget section */

/* Begin PBXProject section */
		2213CB3E1D41BA2600676329 /* Project object */ = {
			isa = PBXProject;
			attributes = {
				LastSwiftUpdateCheck = 0730;
				LastUpgradeCheck = 0730;
				ORGANIZATIONNAME = ssf;
				TargetAttributes = {
					2213CB451D41BA2600676329 = {
						CreatedOnToolsVersion = 7.3.1;
					};
				};
			};
			buildConfigurationList = 2213CB411D41BA2600676329 /* Build configuration list for PBXProject "contactsHW" */;
			compatibilityVersion = "Xcode 3.2";
			developmentRegion = English;
			hasScannedForEncodings = 0;
			knownRegions = (
				en,
				Base,
			);
			mainGroup = 2213CB3D1D41BA2600676329;
			productRefGroup = 2213CB471D41BA2600676329 /* Products */;
			projectDirPath = "";
			projectRoot = "";
			targets = (
				2213CB451D41BA2600676329 /* contactsHW */,
			);
		};
/* End PBXProject section */

/* Begin PBXResourcesBuildPhase section */
		2213CB441D41BA2600676329 /* Resources */ = {
			isa = PBXResourcesBuildPhase;
			buildActionMask = 2147483647;
			files = (
				2213CB541D41BA2600676329 /* LaunchScreen.storyboard in Resources */,
				2213CB511D41BA2600676329 /* Assets.xcassets in Resources */,
				2213CB4F1D41BA2600676329 /* Main.storyboard in Resources */,
			);
			runOnlyForDeploymentPostprocessing = 0;
		};
/* End PBXResourcesBuildPhase section */

/* Begin PBXSourcesBuildPhase section */
		2213CB421D41BA2600676329 /* Sources */ = {
			isa = PBXSourcesBuildPhase;
			buildActionMask = 2147483647;
			files = (
				2213CB5C1D41BC2E00676329 /* ContactListDetailed.swift in Sources */,
				2213CB4C1D41BA2600676329 /* ViewController.swift in Sources */,
				2219F15A1D43DD050001CAB4 /* ContactNameLabel.swift in Sources */,
				2213CB4A1D41BA2600676329 /* AppDelegate.swift in Sources */,
				2219F15C1D43E17F0001CAB4 /* ViewControllerForContactDetail.swift in Sources */,
			);
			runOnlyForDeploymentPostprocessing = 0;
		};
/* End PBXSourcesBuildPhase section */

/* Begin PBXVariantGroup section */
		2213CB4D1D41BA2600676329 /* Main.storyboard */ = {
			isa = PBXVariantGroup;
			children = (
				2213CB4E1D41BA2600676329 /* Base */,
			);
			name = Main.storyboard;
			sourceTree = "<group>";
		};
		2213CB521D41BA2600676329 /* LaunchScreen.storyboard */ = {
			isa = PBXVariantGroup;
			children = (
				2213CB531D41BA2600676329 /* Base */,
			);
			name = LaunchScreen.storyboard;
			sourceTree = "<group>";
		};
/* End PBXVariantGroup section */

/* Begin XCBuildConfiguration section */
		2213CB561D41BA2600676329 /* Debug */ = {
			isa = XCBuildConfiguration;
			buildSettings = {
				ALWAYS_SEARCH_USER_PATHS = NO;
				CLANG_ANALYZER_NONNULL = YES;
				CLANG_CXX_LANGUAGE_STANDARD = "gnu++0x";
				CLANG_CXX_LIBRARY = "libc++";
				CLANG_ENABLE_MODULES = YES;
				CLANG_ENABLE_OBJC_ARC = YES;
				CLANG_WARN_BOOL_CONVERSION = YES;
				CLANG_WARN_CONSTANT_CONVERSION = YES;
				CLANG_WARN_DIRECT_OBJC_ISA_USAGE = YES_ERROR;
				CLANG_WARN_EMPTY_BODY = YES;
				CLANG_WARN_ENUM_CONVERSION = YES;
				CLANG_WARN_INT_CONVERSION = YES;
				CLANG_WARN_OBJC_ROOT_CLASS = YES_ERROR;
				CLANG_WARN_UNREACHABLE_CODE = YES;
				CLANG_WARN__DUPLICATE_METHOD_MATCH = YES;
				"CODE_SIGN_IDENTITY[sdk=iphoneos*]" = "iPhone Developer";
				COPY_PHASE_STRIP = NO;
				DEBUG_INFORMATION_FORMAT = dwarf;
				ENABLE_STRICT_OBJC_MSGSEND = YES;
				ENABLE_TESTABILITY = YES;
				GCC_C_LANGUAGE_STANDARD = gnu99;
				GCC_DYNAMIC_NO_PIC = NO;
				GCC_NO_COMMON_BLOCKS = YES;
				GCC_OPTIMIZATION_LEVEL = 0;
				GCC_PREPROCESSOR_DEFINITIONS = (
					"DEBUG=1",
					"$(inherited)",
				);
				GCC_WARN_64_TO_32_BIT_CONVERSION = YES;
				GCC_WARN_ABOUT_RETURN_TYPE = YES_ERROR;
				GCC_WARN_UNDECLARED_SELECTOR = YES;
				GCC_WARN_UNINITIALIZED_AUTOS = YES_AGGRESSIVE;
				GCC_WARN_UNUSED_FUNCTION = YES;
				GCC_WARN_UNUSED_VARIABLE = YES;
				IPHONEOS_DEPLOYMENT_TARGET = 9.3;
				MTL_ENABLE_DEBUG_INFO = YES;
				ONLY_ACTIVE_ARCH = YES;
				SDKROOT = iphoneos;
				SWIFT_OPTIMIZATION_LEVEL = "-Onone";
				TARGETED_DEVICE_FAMILY = "1,2";
			};
			name = Debug;
		};
		2213CB571D41BA2600676329 /* Release */ = {
			isa = XCBuildConfiguration;
			buildSettings = {
				ALWAYS_SEARCH_USER_PATHS = NO;
				CLANG_ANALYZER_NONNULL = YES;
				CLANG_CXX_LANGUAGE_STANDARD = "gnu++0x";
				CLANG_CXX_LIBRARY = "libc++";
				CLANG_ENABLE_MODULES = YES;
				CLANG_ENABLE_OBJC_ARC = YES;
				CLANG_WARN_BOOL_CONVERSION = YES;
				CLANG_WARN_CONSTANT_CONVERSION = YES;
				CLANG_WARN_DIRECT_OBJC_ISA_USAGE = YES_ERROR;
				CLANG_WARN_EMPTY_BODY = YES;
				CLANG_WARN_ENUM_CONVERSION = YES;
				CLANG_WARN_INT_CONVERSION = YES;
				CLANG_WARN_OBJC_ROOT_CLASS = YES_ERROR;
				CLANG_WARN_UNREACHABLE_CODE = YES;
				CLANG_WARN__DUPLICATE_METHOD_MATCH = YES;
				"CODE_SIGN_IDENTITY[sdk=iphoneos*]" = "iPhone Developer";
				COPY_PHASE_STRIP = NO;
				DEBUG_INFORMATION_FORMAT = "dwarf-with-dsym";
				ENABLE_NS_ASSERTIONS = NO;
				ENABLE_STRICT_OBJC_MSGSEND = YES;
				GCC_C_LANGUAGE_STANDARD = gnu99;
				GCC_NO_COMMON_BLOCKS = YES;
				GCC_WARN_64_TO_32_BIT_CONVERSION = YES;
				GCC_WARN_ABOUT_RETURN_TYPE = YES_ERROR;
				GCC_WARN_UNDECLARED_SELECTOR = YES;
				GCC_WARN_UNINITIALIZED_AUTOS = YES_AGGRESSIVE;
				GCC_WARN_UNUSED_FUNCTION = YES;
				GCC_WARN_UNUSED_VARIABLE = YES;
				IPHONEOS_DEPLOYMENT_TARGET = 9.3;
				MTL_ENABLE_DEBUG_INFO = NO;
				SDKROOT = iphoneos;
				TARGETED_DEVICE_FAMILY = "1,2";
				VALIDATE_PRODUCT = YES;
			};
			name = Release;
		};
		2213CB591D41BA2600676329 /* Debug */ = {
			isa = XCBuildConfiguration;
			buildSettings = {
				ASSETCATALOG_COMPILER_APPICON_NAME = AppIcon;
				INFOPLIST_FILE = contactsHW/Info.plist;
				LD_RUNPATH_SEARCH_PATHS = "$(inherited) @executable_path/Frameworks";
				PRODUCT_BUNDLE_IDENTIFIER = com.ssf.mobile.contactsHW;
				PRODUCT_NAME = "$(TARGET_NAME)";
			};
			name = Debug;
		};
		2213CB5A1D41BA2600676329 /* Release */ = {
			isa = XCBuildConfiguration;
			buildSettings = {
				ASSETCATALOG_COMPILER_APPICON_NAME = AppIcon;
				INFOPLIST_FILE = contactsHW/Info.plist;
				LD_RUNPATH_SEARCH_PATHS = "$(inherited) @executable_path/Frameworks";
				PRODUCT_BUNDLE_IDENTIFIER = com.ssf.mobile.contactsHW;
				PRODUCT_NAME = "$(TARGET_NAME)";
			};
			name = Release;
		};
/* End XCBuildConfiguration section */

/* Begin XCConfigurationList section */
		2213CB411D41BA2600676329 /* Build configuration list for PBXProject "contactsHW" */ = {
			isa = XCConfigurationList;
			buildConfigurations = (
				2213CB561D41BA2600676329 /* Debug */,
				2213CB571D41BA2600676329 /* Release */,
			);
			defaultConfigurationIsVisible = 0;
			defaultConfigurationName = Release;
		};
		2213CB581D41BA2600676329 /* Build configuration list for PBXNativeTarget "contactsHW" */ = {
			isa = XCConfigurationList;
			buildConfigurations = (
				2213CB591D41BA2600676329 /* Debug */,
				2213CB5A1D41BA2600676329 /* Release */,
			);
			defaultConfigurationIsVisible = 0;
			defaultConfigurationName = Release;
		};
/* End XCConfigurationList section */
	};
	rootObject = 2213CB3E1D41BA2600676329 /* Project object */;
}
